# This file is autogenerated, do not edit; changes may be undone by the next 'dep ensure'.


[[projects]]
  branch = "master"
  digest = "1:2285d0bd78c166baa863ada63dd913696808bda26d76ed23009a8f39c08ed633"
  name = "github.com/sayanarijit/gopassgen"
  packages = ["."]
  pruneopts = "UT"
  revision = "1d3c191735ad6043890ca99418a2d660f9237b93"

[solve-meta]
  analyzer-name = "dep"
  analyzer-version = 1
  input-imports = ["github.com/sayanarijit/gopassgen"]
  solver-name = "gps-cdcl"
  solver-version = 1
